
Microsoft Visual Studio Solution File, Format Version 12.00
# Visual Studio Version 16
VisualStudioVersion = 16.0.31205.134
MinimumVisualStudioVersion = 10.0.40219.1
Project("{FAE04EC0-301F-11D3-BF4B-00C04F79EFBC}") = "calculator", "calculator\calculator.csproj", "{3728A06A-59F2-4953-B163-904D41D6AAEF}"
EndProject
Project("{FAE04EC0-301F-11D3-BF4B-00C04F79EFBC}") = "Calculator_UnitTest", "Calculator_UnitTest\Calculator_UnitTest.csproj", "{3ED06E9B-DA6A-4F5F-8A25-97241587F685}"
EndProject
Global
	GlobalSection(SolutionConfigurationPlatforms) = preSolution
		Debug|Any CPU = Debug|Any CPU
		Release|Any CPU = Release|Any CPU
	EndGlobalSection
	GlobalSection(ProjectConfigurationPlatforms) = postSolution
		{3728A06A-59F2-4953-B163-904D41D6AAEF}.Debug|Any CPU.ActiveCfg = Debug|Any CPU
		{3728A06A-59F2-4953-B163-904D41D6AAEF}.Debug|Any CPU.Build.0 = Debug|Any CPU
		{3728A06A-59F2-4953-B163-904D41D6AAEF}.Release|Any CPU.ActiveCfg = Release|Any CPU
		{3728A06A-59F2-4953-B163-904D41D6AAEF}.Release|Any CPU.Build.0 = Release|Any CPU
		{3ED06E9B-DA6A-4F5F-8A25-97241587F685}.Debug|Any CPU.ActiveCfg = Debug|Any CPU
		{3ED06E9B-DA6A-4F5F-8A25-97241587F685}.Debug|Any CPU.Build.0 = Debug|Any CPU
		{3ED06E9B-DA6A-4F5F-8A25-97241587F685}.Release|Any CPU.ActiveCfg = Release|Any CPU
		{3ED06E9B-DA6A-4F5F-8A25-97241587F685}.Release|Any CPU.Build.0 = Release|Any CPU
	EndGlobalSection
	GlobalSection(SolutionProperties) = preSolution
		HideSolutionNode = FALSE
	EndGlobalSection
	GlobalSection(ExtensibilityGlobals) = postSolution
		SolutionGuid = {B44CD5ED-AE40-4062-99AF-F08707F73A4A}
	EndGlobalSection
EndGlobal
